{
	"name": "@joelek/ts-stdlib",
	"version": "1.3.0",
	"lockfileVersion": 2,
	"requires": true,
	"packages": {
		"": {
			"name": "@joelek/ts-stdlib",
			"version": "1.3.0",
			"license": "MIT",
			"devDependencies": {
				"@joelek/wtf": "github:joelek/wtf#semver:^1.0",
				"typescript": "^4.0"
			}
		},
		"node_modules/@joelek/wtf": {
			"version": "1.3.2",
			"resolved": "git+ssh://git@github.com/joelek/wtf.git#28b32e64c5f5256124c3d9a4764a0a081b59cee1",
			"dev": true,
			"license": "MIT",
			"dependencies": {
				"@types/node": "^16.7"
			},
			"bin": {
				"wtf": "dist/cli/index.js"
			}
		},
		"node_modules/@types/node": {
			"version": "16.18.4",
			"resolved": "https://registry.npmjs.org/@types/node/-/node-16.18.4.tgz",
			"integrity": "sha512-9qGjJ5GyShZjUfx2ArBIGM+xExdfLvvaCyQR0t6yRXKPcWCVYF/WemtX/uIU3r7FYECXRXkIiw2Vnhn6y8d+pw==",
			"dev": true
		},
		"node_modules/typescript": {
			"version": "4.9.3",
			"resolved": "https://registry.npmjs.org/typescript/-/typescript-4.9.3.tgz",
			"integrity": "sha512-CIfGzTelbKNEnLpLdGFgdyKhG23CKdKgQPOBc+OUNrkJ2vr+KSzsSV5kq5iWhEQbok+quxgGzrAtGWCyU7tHnA==",
			"dev": true,
			"bin": {
				"tsc": "bin/tsc",
				"tsserver": "bin/tsserver"
			},
			"engines": {
				"node": ">=4.2.0"
			}
		}
	},
	"dependencies": {
		"@joelek/wtf": {
			"version": "git+ssh://git@github.com/joelek/wtf.git#28b32e64c5f5256124c3d9a4764a0a081b59cee1",
			"dev": true,
			"from": "@joelek/wtf@github:joelek/wtf#semver:^1.0",
			"requires": {
				"@types/node": "^16.7"
			}
		},
		"@types/node": {
			"version": "16.18.4",
			"resolved": "https://registry.npmjs.org/@types/node/-/node-16.18.4.tgz",
			"integrity": "sha512-9qGjJ5GyShZjUfx2ArBIGM+xExdfLvvaCyQR0t6yRXKPcWCVYF/WemtX/uIU3r7FYECXRXkIiw2Vnhn6y8d+pw==",
			"dev": true
		},
		"typescript": {
			"version": "4.9.3",
			"resolved": "https://registry.npmjs.org/typescript/-/typescript-4.9.3.tgz",
			"integrity": "sha512-CIfGzTelbKNEnLpLdGFgdyKhG23CKdKgQPOBc+OUNrkJ2vr+KSzsSV5kq5iWhEQbok+quxgGzrAtGWCyU7tHnA==",
			"dev": true
		}
	}
}
