{
	"name": "@joelek/ts-stdlib",
	"version": "1.2.2",
	"lockfileVersion": 2,
	"requires": true,
	"packages": {
		"": {
			"name": "@joelek/ts-stdlib",
			"version": "1.2.2",
			"license": "MIT",
			"devDependencies": {
				"@joelek/wtf": "github:joelek/wtf#semver:^1.0",
				"typescript": "^4.4"
			}
		},
		"node_modules/@joelek/wtf": {
			"version": "1.0.0",
			"resolved": "git+ssh://git@github.com/joelek/wtf.git#646d7a79c4a0aa241c5ca2cf66c544f13ddc738b",
			"dev": true,
			"license": "MIT",
			"dependencies": {
				"@types/node": "^16.7"
			},
			"bin": {
				"wtf": "dist/cli/index.js"
			}
		},
		"node_modules/@types/node": {
			"version": "16.11.68",
			"resolved": "https://registry.npmjs.org/@types/node/-/node-16.11.68.tgz",
			"integrity": "sha512-JkRpuVz3xCNCWaeQ5EHLR/6woMbHZz/jZ7Kmc63AkU+1HxnoUugzSWMck7dsR4DvNYX8jp9wTi9K7WvnxOIQZQ==",
			"dev": true
		},
		"node_modules/typescript": {
			"version": "4.8.4",
			"resolved": "https://registry.npmjs.org/typescript/-/typescript-4.8.4.tgz",
			"integrity": "sha512-QCh+85mCy+h0IGff8r5XWzOVSbBO+KfeYrMQh7NJ58QujwcE22u+NUSmUxqF+un70P9GXKxa2HCNiTTMJknyjQ==",
			"dev": true,
			"bin": {
				"tsc": "bin/tsc",
				"tsserver": "bin/tsserver"
			},
			"engines": {
				"node": ">=4.2.0"
			}
		}
	},
	"dependencies": {
		"@joelek/wtf": {
			"version": "git+ssh://git@github.com/joelek/wtf.git#646d7a79c4a0aa241c5ca2cf66c544f13ddc738b",
			"dev": true,
			"from": "@joelek/wtf@joelek/wtf#semver:^1.0",
			"requires": {
				"@types/node": "^16.7"
			}
		},
		"@types/node": {
			"version": "16.11.68",
			"resolved": "https://registry.npmjs.org/@types/node/-/node-16.11.68.tgz",
			"integrity": "sha512-JkRpuVz3xCNCWaeQ5EHLR/6woMbHZz/jZ7Kmc63AkU+1HxnoUugzSWMck7dsR4DvNYX8jp9wTi9K7WvnxOIQZQ==",
			"dev": true
		},
		"typescript": {
			"version": "4.8.4",
			"resolved": "https://registry.npmjs.org/typescript/-/typescript-4.8.4.tgz",
			"integrity": "sha512-QCh+85mCy+h0IGff8r5XWzOVSbBO+KfeYrMQh7NJ58QujwcE22u+NUSmUxqF+un70P9GXKxa2HCNiTTMJknyjQ==",
			"dev": true
		}
	}
}
